
Microsoft Visual Studio Solution File, Format Version 12.00
# Visual Studio Version 16
VisualStudioVersion = 16.0.31005.135
MinimumVisualStudioVersion = 10.0.40219.1
Project("{FAE04EC0-301F-11D3-BF4B-00C04F79EFBC}") = "ConnectFour", "ConnectFour\ConnectFour.csproj", "{C1D07A04-340D-4116-8ACD-41E157377A12}"
EndProject
Global
	GlobalSection(SolutionConfigurationPlatforms) = preSolution
		Debug|Any CPU = Debug|Any CPU
		Release|Any CPU = Release|Any CPU
	EndGlobalSection
	GlobalSection(ProjectConfigurationPlatforms) = postSolution
		{C1D07A04-340D-4116-8ACD-41E157377A12}.Debug|Any CPU.ActiveCfg = Debug|Any CPU
		{C1D07A04-340D-4116-8ACD-41E157377A12}.Debug|Any CPU.Build.0 = Debug|Any CPU
		{C1D07A04-340D-4116-8ACD-41E157377A12}.Release|Any CPU.ActiveCfg = Release|Any CPU
		{C1D07A04-340D-4116-8ACD-41E157377A12}.Release|Any CPU.Build.0 = Release|Any CPU
	EndGlobalSection
	GlobalSection(SolutionProperties) = preSolution
		HideSolutionNode = FALSE
	EndGlobalSection
	GlobalSection(ExtensibilityGlobals) = postSolution
		SolutionGuid = {C5C66082-5B8E-4EBA-8E2B-342463C30BB4}
	EndGlobalSection
EndGlobal
